{
  "name": "portfolio-website",
  "lockfileVersion": 2,
  "requires": true,
  "packages": {
    "": {
      "dependencies": {
        "bootstrap-dark-5": "^1.1.3"
      }
    },
    "node_modules/@popperjs/core": {
      "version": "2.11.6",
      "resolved": "https://registry.npmjs.org/@popperjs/core/-/core-2.11.6.tgz",
      "integrity": "sha512-50/17A98tWUfQ176raKiOGXuYpLyyVMkxxG6oylzL3BPOlA6ADGdK7EYunSa4I064xerltq9TGXs8HmOk5E+vw==",
      "peer": true,
      "funding": {
        "type": "opencollective",
        "url": "https://opencollective.com/popperjs"
      }
    },
    "node_modules/bootstrap": {
      "version": "5.2.3",
      "resolved": "https://registry.npmjs.org/bootstrap/-/bootstrap-5.2.3.tgz",
      "integrity": "sha512-cEKPM+fwb3cT8NzQZYEu4HilJ3anCrWqh3CHAok1p9jXqMPsPTBhU25fBckEJHJ/p+tTxTFTsFQGM+gaHpi3QQ==",
      "funding": [
        {
          "type": "github",
          "url": "https://github.com/sponsors/twbs"
        },
        {
          "type": "opencollective",
          "url": "https://opencollective.com/bootstrap"
        }
      ],
      "peerDependencies": {
        "@popperjs/core": "^2.11.6"
      }
    },
    "node_modules/bootstrap-dark-5": {
      "version": "1.1.3",
      "resolved": "https://registry.npmjs.org/bootstrap-dark-5/-/bootstrap-dark-5-1.1.3.tgz",
      "integrity": "sha512-3Paopsp8wyOM1oeaLWLFuUZThhRc3tBYKUnoF+uwrU/xN4G47MCLZlALBJNqYqAecg7dSln9vgaYK1CwPnTeBw==",
      "dependencies": {
        "bootstrap": "^5.1.3"
      },
      "peerDependencies": {
        "@popperjs/core": "^2.10.2"
      }
    }
  },
  "dependencies": {
    "@popperjs/core": {
      "version": "2.11.6",
      "resolved": "https://registry.npmjs.org/@popperjs/core/-/core-2.11.6.tgz",
      "integrity": "sha512-50/17A98tWUfQ176raKiOGXuYpLyyVMkxxG6oylzL3BPOlA6ADGdK7EYunSa4I064xerltq9TGXs8HmOk5E+vw==",
      "peer": true
    },
    "bootstrap": {
      "version": "5.2.3",
      "resolved": "https://registry.npmjs.org/bootstrap/-/bootstrap-5.2.3.tgz",
      "integrity": "sha512-cEKPM+fwb3cT8NzQZYEu4HilJ3anCrWqh3CHAok1p9jXqMPsPTBhU25fBckEJHJ/p+tTxTFTsFQGM+gaHpi3QQ==",
      "requires": {}
    },
    "bootstrap-dark-5": {
      "version": "1.1.3",
      "resolved": "https://registry.npmjs.org/bootstrap-dark-5/-/bootstrap-dark-5-1.1.3.tgz",
      "integrity": "sha512-3Paopsp8wyOM1oeaLWLFuUZThhRc3tBYKUnoF+uwrU/xN4G47MCLZlALBJNqYqAecg7dSln9vgaYK1CwPnTeBw==",
      "requires": {
        "bootstrap": "^5.1.3"
      }
    }
  }
}
