{
  "version": 4,
  "terraform_version": "1.1.9",
  "serial": 4,
  "lineage": "9dd54bc8-a638-7406-9c68-dcfa0432728d",
  "outputs": {},
  "resources": [
    {
      "mode": "managed",
      "type": "digitalocean_app",
      "name": "portfolio-app",
      "provider": "provider[\"registry.terraform.io/digitalocean/digitalocean\"]",
      "instances": [
        {
          "schema_version": 0,
          "attributes": {
            "active_deployment_id": "5bd2d6de-5ead-4641-9972-c9f7f5ef2bd8",
            "created_at": "2022-12-06 00:04:05 +0000 UTC",
            "default_ingress": "https://portfolio-app-z6l5l.ondigitalocean.app",
            "id": "f05f9321-f440-4b57-89f5-ce8dc73bebe2",
            "live_url": "https://portfolio-app-z6l5l.ondigitalocean.app",
            "spec": [
              {
                "alert": [],
                "database": [],
                "domain": [],
                "domains": [],
                "env": [],
                "function": [],
                "job": [],
                "name": "portfolio-app",
                "region": "tor",
                "service": [],
                "static_site": [
                  {
                    "build_command": "npm run build",
                    "catchall_document": "",
                    "cors": [],
                    "dockerfile_path": "",
                    "env": [],
                    "environment_slug": "node-js",
                    "error_document": "",
                    "git": [],
                    "github": [
                      {
                        "branch": "main",
                        "deploy_on_push": true,
                        "repo": "rob-villarre/portfolio-website"
                      }
                    ],
                    "gitlab": [],
                    "index_document": "",
                    "name": "portfolio-website",
                    "output_dir": "",
                    "routes": [
                      {
                        "path": "/",
                        "preserve_path_prefix": false
                      }
                    ],
                    "source_dir": "portfolio-app"
                  }
                ],
                "worker": []
              }
            ],
            "timeouts": {
              "create": null
            },
            "updated_at": "2022-12-06 00:06:02 +0000 UTC",
            "urn": "do:app:f05f9321-f440-4b57-89f5-ce8dc73bebe2"
          },
          "sensitive_attributes": [],
          "private": "eyJlMmJmYjczMC1lY2FhLTExZTYtOGY4OC0zNDM2M2JjN2M0YzAiOnsiY3JlYXRlIjoxODAwMDAwMDAwMDAwfSwic2NoZW1hX3ZlcnNpb24iOiIwIn0="
        }
      ]
    },
    {
      "mode": "managed",
      "type": "digitalocean_project",
      "name": "portfolio",
      "provider": "provider[\"registry.terraform.io/digitalocean/digitalocean\"]",
      "instances": [
        {
          "schema_version": 0,
          "attributes": {
            "created_at": "2022-06-09T01:30:57Z",
            "description": "My portfolio project",
            "environment": "Development",
            "id": "7eea5c9b-e156-4cf0-b3e9-8cea17716fc7",
            "is_default": true,
            "name": "Portfolio",
            "owner_id": 11755089,
            "owner_uuid": "5b57f1ce-ab2b-4b45-999c-3c0415c0205d",
            "purpose": "Website or blog",
            "resources": [
              "do:app:f05f9321-f440-4b57-89f5-ce8dc73bebe2"
            ],
            "updated_at": "2022-12-06T00:28:52Z"
          },
          "sensitive_attributes": [],
          "private": "bnVsbA==",
          "dependencies": [
            "digitalocean_app.portfolio-app"
          ]
        }
      ]
    }
  ]
}
